// !$*UTF8*$!
{
	archiveVersion = 1;
	classes = {
	};
	objectVersion = 50;
	objects = {

/* Begin PBXBuildFile section */
		859609BA26116F8700F1744E /* AppDelegate.swift in Sources */ = {isa = PBXBuildFile; fileRef = 859609B926116F8700F1744E /* AppDelegate.swift */; };
		859609BC26116F8700F1744E /* SceneDelegate.swift in Sources */ = {isa = PBXBuildFile; fileRef = 859609BB26116F8700F1744E /* SceneDelegate.swift */; };
		859609BE26116F8700F1744E /* ViewController.swift in Sources */ = {isa = PBXBuildFile; fileRef = 859609BD26116F8700F1744E /* ViewController.swift */; };
		859609C126116F8700F1744E /* Main.storyboard in Resources */ = {isa = PBXBuildFile; fileRef = 859609BF26116F8700F1744E /* Main.storyboard */; };
		859609C326116F8B00F1744E /* Assets.xcassets in Resources */ = {isa = PBXBuildFile; fileRef = 859609C226116F8B00F1744E /* Assets.xcassets */; };
		859609C626116F8B00F1744E /* LaunchScreen.storyboard in Resources */ = {isa = PBXBuildFile; fileRef = 859609C426116F8B00F1744E /* LaunchScreen.storyboard */; };
		859609CE2611752A00F1744E /* loginViewController.swift in Sources */ = {isa = PBXBuildFile; fileRef = 859609CD2611752A00F1744E /* loginViewController.swift */; };
		859609D02611755C00F1744E /* signUpViewController.swift in Sources */ = {isa = PBXBuildFile; fileRef = 859609CF2611755C00F1744E /* signUpViewController.swift */; };
		859609D22611756F00F1744E /* homeViewController.swift in Sources */ = {isa = PBXBuildFile; fileRef = 859609D12611756F00F1744E /* homeViewController.swift */; };
		859609D42611773F00F1744E /* adminHomeViewController.swift in Sources */ = {isa = PBXBuildFile; fileRef = 859609D32611773F00F1744E /* adminHomeViewController.swift */; };
		859609D62611775500F1744E /* userHomeViewController.swift in Sources */ = {isa = PBXBuildFile; fileRef = 859609D52611775500F1744E /* userHomeViewController.swift */; };
/* End PBXBuildFile section */

/* Begin PBXFileReference section */
		859609B626116F8700F1744E /* danamonTestProject.app */ = {isa = PBXFileReference; explicitFileType = wrapper.application; includeInIndex = 0; path = danamonTestProject.app; sourceTree = BUILT_PRODUCTS_DIR; };
		859609B926116F8700F1744E /* AppDelegate.swift */ = {isa = PBXFileReference; lastKnownFileType = sourcecode.swift; path = AppDelegate.swift; sourceTree = "<group>"; };
		859609BB26116F8700F1744E /* SceneDelegate.swift */ = {isa = PBXFileReference; lastKnownFileType = sourcecode.swift; path = SceneDelegate.swift; sourceTree = "<group>"; };
		859609BD26116F8700F1744E /* ViewController.swift */ = {isa = PBXFileReference; lastKnownFileType = sourcecode.swift; path = ViewController.swift; sourceTree = "<group>"; };
		859609C026116F8700F1744E /* Base */ = {isa = PBXFileReference; lastKnownFileType = file.storyboard; name = Base; path = Base.lproj/Main.storyboard; sourceTree = "<group>"; };
		859609C226116F8B00F1744E /* Assets.xcassets */ = {isa = PBXFileReference; lastKnownFileType = folder.assetcatalog; path = Assets.xcassets; sourceTree = "<group>"; };
		859609C526116F8B00F1744E /* Base */ = {isa = PBXFileReference; lastKnownFileType = file.storyboard; name = Base; path = Base.lproj/LaunchScreen.storyboard; sourceTree = "<group>"; };
		859609C726116F8B00F1744E /* Info.plist */ = {isa = PBXFileReference; lastKnownFileType = text.plist.xml; path = Info.plist; sourceTree = "<group>"; };
		859609CD2611752A00F1744E /* loginViewController.swift */ = {isa = PBXFileReference; lastKnownFileType = sourcecode.swift; path = loginViewController.swift; sourceTree = "<group>"; };
		859609CF2611755C00F1744E /* signUpViewController.swift */ = {isa = PBXFileReference; lastKnownFileType = sourcecode.swift; path = signUpViewController.swift; sourceTree = "<group>"; };
		859609D12611756F00F1744E /* homeViewController.swift */ = {isa = PBXFileReference; lastKnownFileType = sourcecode.swift; path = homeViewController.swift; sourceTree = "<group>"; };
		859609D32611773F00F1744E /* adminHomeViewController.swift */ = {isa = PBXFileReference; lastKnownFileType = sourcecode.swift; path = adminHomeViewController.swift; sourceTree = "<group>"; };
		859609D52611775500F1744E /* userHomeViewController.swift */ = {isa = PBXFileReference; lastKnownFileType = sourcecode.swift; path = userHomeViewController.swift; sourceTree = "<group>"; };
/* End PBXFileReference section */

/* Begin PBXFrameworksBuildPhase section */
		859609B326116F8700F1744E /* Frameworks */ = {
			isa = PBXFrameworksBuildPhase;
			buildActionMask = 2147483647;
			files = (
			);
			runOnlyForDeploymentPostprocessing = 0;
		};
/* End PBXFrameworksBuildPhase section */

/* Begin PBXGroup section */
		859609AD26116F8600F1744E = {
			isa = PBXGroup;
			children = (
				859609B826116F8700F1744E /* danamonTestProject */,
				859609B726116F8700F1744E /* Products */,
			);
			sourceTree = "<group>";
		};
		859609B726116F8700F1744E /* Products */ = {
			isa = PBXGroup;
			children = (
				859609B626116F8700F1744E /* danamonTestProject.app */,
			);
			name = Products;
			sourceTree = "<group>";
		};
		859609B826116F8700F1744E /* danamonTestProject */ = {
			isa = PBXGroup;
			children = (
				859609B926116F8700F1744E /* AppDelegate.swift */,
				859609BB26116F8700F1744E /* SceneDelegate.swift */,
				859609BD26116F8700F1744E /* ViewController.swift */,
				859609BF26116F8700F1744E /* Main.storyboard */,
				859609C226116F8B00F1744E /* Assets.xcassets */,
				859609C426116F8B00F1744E /* LaunchScreen.storyboard */,
				859609C726116F8B00F1744E /* Info.plist */,
				859609CD2611752A00F1744E /* loginViewController.swift */,
				859609CF2611755C00F1744E /* signUpViewController.swift */,
				859609D12611756F00F1744E /* homeViewController.swift */,
				859609D32611773F00F1744E /* adminHomeViewController.swift */,
				859609D52611775500F1744E /* userHomeViewController.swift */,
			);
			path = danamonTestProject;
			sourceTree = "<group>";
		};
/* End PBXGroup section */

/* Begin PBXNativeTarget section */
		859609B526116F8700F1744E /* danamonTestProject */ = {
			isa = PBXNativeTarget;
			buildConfigurationList = 859609CA26116F8B00F1744E /* Build configuration list for PBXNativeTarget "danamonTestProject" */;
			buildPhases = (
				859609B226116F8700F1744E /* Sources */,
				859609B326116F8700F1744E /* Frameworks */,
				859609B426116F8700F1744E /* Resources */,
			);
			buildRules = (
			);
			dependencies = (
			);
			name = danamonTestProject;
			productName = danamonTestProject;
			productReference = 859609B626116F8700F1744E /* danamonTestProject.app */;
			productType = "com.apple.product-type.application";
		};
/* End PBXNativeTarget section */

/* Begin PBXProject section */
		859609AE26116F8600F1744E /* Project object */ = {
			isa = PBXProject;
			attributes = {
				LastSwiftUpdateCheck = 1160;
				LastUpgradeCheck = 1160;
				ORGANIZATIONNAME = "Dany Hakim";
				TargetAttributes = {
					859609B526116F8700F1744E = {
						CreatedOnToolsVersion = 11.6;
					};
				};
			};
			buildConfigurationList = 859609B126116F8600F1744E /* Build configuration list for PBXProject "danamonTestProject" */;
			compatibilityVersion = "Xcode 9.3";
			developmentRegion = en;
			hasScannedForEncodings = 0;
			knownRegions = (
				en,
				Base,
			);
			mainGroup = 859609AD26116F8600F1744E;
			productRefGroup = 859609B726116F8700F1744E /* Products */;
			projectDirPath = "";
			projectRoot = "";
			targets = (
				859609B526116F8700F1744E /* danamonTestProject */,
			);
		};
/* End PBXProject section */

/* Begin PBXResourcesBuildPhase section */
		859609B426116F8700F1744E /* Resources */ = {
			isa = PBXResourcesBuildPhase;
			buildActionMask = 2147483647;
			files = (
				859609C626116F8B00F1744E /* LaunchScreen.storyboard in Resources */,
				859609C326116F8B00F1744E /* Assets.xcassets in Resources */,
				859609C126116F8700F1744E /* Main.storyboard in Resources */,
			);
			runOnlyForDeploymentPostprocessing = 0;
		};
/* End PBXResourcesBuildPhase section */

/* Begin PBXSourcesBuildPhase section */
		859609B226116F8700F1744E /* Sources */ = {
			isa = PBXSourcesBuildPhase;
			buildActionMask = 2147483647;
			files = (
				859609D02611755C00F1744E /* signUpViewController.swift in Sources */,
				859609D22611756F00F1744E /* homeViewController.swift in Sources */,
				859609CE2611752A00F1744E /* loginViewController.swift in Sources */,
				859609BE26116F8700F1744E /* ViewController.swift in Sources */,
				859609BA26116F8700F1744E /* AppDelegate.swift in Sources */,
				859609D42611773F00F1744E /* adminHomeViewController.swift in Sources */,
				859609D62611775500F1744E /* userHomeViewController.swift in Sources */,
				859609BC26116F8700F1744E /* SceneDelegate.swift in Sources */,
			);
			runOnlyForDeploymentPostprocessing = 0;
		};
/* End PBXSourcesBuildPhase section */

/* Begin PBXVariantGroup section */
		859609BF26116F8700F1744E /* Main.storyboard */ = {
			isa = PBXVariantGroup;
			children = (
				859609C026116F8700F1744E /* Base */,
			);
			name = Main.storyboard;
			sourceTree = "<group>";
		};
		859609C426116F8B00F1744E /* LaunchScreen.storyboard */ = {
			isa = PBXVariantGroup;
			children = (
				859609C526116F8B00F1744E /* Base */,
			);
			name = LaunchScreen.storyboard;
			sourceTree = "<group>";
		};
/* End PBXVariantGroup section */

/* Begin XCBuildConfiguration section */
		859609C826116F8B00F1744E /* Debug */ = {
			isa = XCBuildConfiguration;
			buildSettings = {
				ALWAYS_SEARCH_USER_PATHS = NO;
				CLANG_ANALYZER_NONNULL = YES;
				CLANG_ANALYZER_NUMBER_OBJECT_CONVERSION = YES_AGGRESSIVE;
				CLANG_CXX_LANGUAGE_STANDARD = "gnu++14";
				CLANG_CXX_LIBRARY = "libc++";
				CLANG_ENABLE_MODULES = YES;
				CLANG_ENABLE_OBJC_ARC = YES;
				CLANG_ENABLE_OBJC_WEAK = YES;
				CLANG_WARN_BLOCK_CAPTURE_AUTORELEASING = YES;
				CLANG_WARN_BOOL_CONVERSION = YES;
				CLANG_WARN_COMMA = YES;
				CLANG_WARN_CONSTANT_CONVERSION = YES;
				CLANG_WARN_DEPRECATED_OBJC_IMPLEMENTATIONS = YES;
				CLANG_WARN_DIRECT_OBJC_ISA_USAGE = YES_ERROR;
				CLANG_WARN_DOCUMENTATION_COMMENTS = YES;
				CLANG_WARN_EMPTY_BODY = YES;
				CLANG_WARN_ENUM_CONVERSION = YES;
				CLANG_WARN_INFINITE_RECURSION = YES;
				CLANG_WARN_INT_CONVERSION = YES;
				CLANG_WARN_NON_LITERAL_NULL_CONVERSION = YES;
				CLANG_WARN_OBJC_IMPLICIT_RETAIN_SELF = YES;
				CLANG_WARN_OBJC_LITERAL_CONVERSION = YES;
				CLANG_WARN_OBJC_ROOT_CLASS = YES_ERROR;
				CLANG_WARN_RANGE_LOOP_ANALYSIS = YES;
				CLANG_WARN_STRICT_PROTOTYPES = YES;
				CLANG_WARN_SUSPICIOUS_MOVE = YES;
				CLANG_WARN_UNGUARDED_AVAILABILITY = YES_AGGRESSIVE;
				CLANG_WARN_UNREACHABLE_CODE = YES;
				CLANG_WARN__DUPLICATE_METHOD_MATCH = YES;
				COPY_PHASE_STRIP = NO;
				DEBUG_INFORMATION_FORMAT = dwarf;
				ENABLE_STRICT_OBJC_MSGSEND = YES;
				ENABLE_TESTABILITY = YES;
				GCC_C_LANGUAGE_STANDARD = gnu11;
				GCC_DYNAMIC_NO_PIC = NO;
				GCC_NO_COMMON_BLOCKS = YES;
				GCC_OPTIMIZATION_LEVEL = 0;
				GCC_PREPROCESSOR_DEFINITIONS = (
					"DEBUG=1",
					"$(inherited)",
				);
				GCC_WARN_64_TO_32_BIT_CONVERSION = YES;
				GCC_WARN_ABOUT_RETURN_TYPE = YES_ERROR;
				GCC_WARN_UNDECLARED_SELECTOR = YES;
				GCC_WARN_UNINITIALIZED_AUTOS = YES_AGGRESSIVE;
				GCC_WARN_UNUSED_FUNCTION = YES;
				GCC_WARN_UNUSED_VARIABLE = YES;
				IPHONEOS_DEPLOYMENT_TARGET = 13.6;
				MTL_ENABLE_DEBUG_INFO = INCLUDE_SOURCE;
				MTL_FAST_MATH = YES;
				ONLY_ACTIVE_ARCH = YES;
				SDKROOT = iphoneos;
				SWIFT_ACTIVE_COMPILATION_CONDITIONS = DEBUG;
				SWIFT_OPTIMIZATION_LEVEL = "-Onone";
			};
			name = Debug;
		};
		859609C926116F8B00F1744E /* Release */ = {
			isa = XCBuildConfiguration;
			buildSettings = {
				ALWAYS_SEARCH_USER_PATHS = NO;
				CLANG_ANALYZER_NONNULL = YES;
				CLANG_ANALYZER_NUMBER_OBJECT_CONVERSION = YES_AGGRESSIVE;
				CLANG_CXX_LANGUAGE_STANDARD = "gnu++14";
				CLANG_CXX_LIBRARY = "libc++";
				CLANG_ENABLE_MODULES = YES;
				CLANG_ENABLE_OBJC_ARC = YES;
				CLANG_ENABLE_OBJC_WEAK = YES;
				CLANG_WARN_BLOCK_CAPTURE_AUTORELEASING = YES;
				CLANG_WARN_BOOL_CONVERSION = YES;
				CLANG_WARN_COMMA = YES;
				CLANG_WARN_CONSTANT_CONVERSION = YES;
				CLANG_WARN_DEPRECATED_OBJC_IMPLEMENTATIONS = YES;
				CLANG_WARN_DIRECT_OBJC_ISA_USAGE = YES_ERROR;
				CLANG_WARN_DOCUMENTATION_COMMENTS = YES;
				CLANG_WARN_EMPTY_BODY = YES;
				CLANG_WARN_ENUM_CONVERSION = YES;
				CLANG_WARN_INFINITE_RECURSION = YES;
				CLANG_WARN_INT_CONVERSION = YES;
				CLANG_WARN_NON_LITERAL_NULL_CONVERSION = YES;
				CLANG_WARN_OBJC_IMPLICIT_RETAIN_SELF = YES;
				CLANG_WARN_OBJC_LITERAL_CONVERSION = YES;
				CLANG_WARN_OBJC_ROOT_CLASS = YES_ERROR;
				CLANG_WARN_RANGE_LOOP_ANALYSIS = YES;
				CLANG_WARN_STRICT_PROTOTYPES = YES;
				CLANG_WARN_SUSPICIOUS_MOVE = YES;
				CLANG_WARN_UNGUARDED_AVAILABILITY = YES_AGGRESSIVE;
				CLANG_WARN_UNREACHABLE_CODE = YES;
				CLANG_WARN__DUPLICATE_METHOD_MATCH = YES;
				COPY_PHASE_STRIP = NO;
				DEBUG_INFORMATION_FORMAT = "dwarf-with-dsym";
				ENABLE_NS_ASSERTIONS = NO;
				ENABLE_STRICT_OBJC_MSGSEND = YES;
				GCC_C_LANGUAGE_STANDARD = gnu11;
				GCC_NO_COMMON_BLOCKS = YES;
				GCC_WARN_64_TO_32_BIT_CONVERSION = YES;
				GCC_WARN_ABOUT_RETURN_TYPE = YES_ERROR;
				GCC_WARN_UNDECLARED_SELECTOR = YES;
				GCC_WARN_UNINITIALIZED_AUTOS = YES_AGGRESSIVE;
				GCC_WARN_UNUSED_FUNCTION = YES;
				GCC_WARN_UNUSED_VARIABLE = YES;
				IPHONEOS_DEPLOYMENT_TARGET = 13.6;
				MTL_ENABLE_DEBUG_INFO = NO;
				MTL_FAST_MATH = YES;
				SDKROOT = iphoneos;
				SWIFT_COMPILATION_MODE = wholemodule;
				SWIFT_OPTIMIZATION_LEVEL = "-O";
				VALIDATE_PRODUCT = YES;
			};
			name = Release;
		};
		859609CB26116F8B00F1744E /* Debug */ = {
			isa = XCBuildConfiguration;
			buildSettings = {
				ASSETCATALOG_COMPILER_APPICON_NAME = AppIcon;
				CODE_SIGN_STYLE = Automatic;
				DEVELOPMENT_TEAM = ML73UMRN9R;
				INFOPLIST_FILE = danamonTestProject/Info.plist;
				LD_RUNPATH_SEARCH_PATHS = (
					"$(inherited)",
					"@executable_path/Frameworks",
				);
				PRODUCT_BUNDLE_IDENTIFIER = cermati.danamonTestProject;
				PRODUCT_NAME = "$(TARGET_NAME)";
				SWIFT_VERSION = 5.0;
				TARGETED_DEVICE_FAMILY = "1,2";
			};
			name = Debug;
		};
		859609CC26116F8B00F1744E /* Release */ = {
			isa = XCBuildConfiguration;
			buildSettings = {
				ASSETCATALOG_COMPILER_APPICON_NAME = AppIcon;
				CODE_SIGN_STYLE = Automatic;
				DEVELOPMENT_TEAM = ML73UMRN9R;
				INFOPLIST_FILE = danamonTestProject/Info.plist;
				LD_RUNPATH_SEARCH_PATHS = (
					"$(inherited)",
					"@executable_path/Frameworks",
				);
				PRODUCT_BUNDLE_IDENTIFIER = cermati.danamonTestProject;
				PRODUCT_NAME = "$(TARGET_NAME)";
				SWIFT_VERSION = 5.0;
				TARGETED_DEVICE_FAMILY = "1,2";
			};
			name = Release;
		};
/* End XCBuildConfiguration section */

/* Begin XCConfigurationList section */
		859609B126116F8600F1744E /* Build configuration list for PBXProject "danamonTestProject" */ = {
			isa = XCConfigurationList;
			buildConfigurations = (
				859609C826116F8B00F1744E /* Debug */,
				859609C926116F8B00F1744E /* Release */,
			);
			defaultConfigurationIsVisible = 0;
			defaultConfigurationName = Release;
		};
		859609CA26116F8B00F1744E /* Build configuration list for PBXNativeTarget "danamonTestProject" */ = {
			isa = XCConfigurationList;
			buildConfigurations = (
				859609CB26116F8B00F1744E /* Debug */,
				859609CC26116F8B00F1744E /* Release */,
			);
			defaultConfigurationIsVisible = 0;
			defaultConfigurationName = Release;
		};
/* End XCConfigurationList section */
	};
	rootObject = 859609AE26116F8600F1744E /* Project object */;
}
